// !$*UTF8*$!
{
	archiveVersion = 1;
	classes = {
	};
	objectVersion = 56;
	objects = {

/* Begin PBXBuildFile section */
		A1001001000000000000001 /* BLEAppApp.swift in Sources */ = {isa = PBXBuildFile; fileRef = A1001002000000000000001 /* BLEAppApp.swift */; };
		A1001003000000000000001 /* ContentView.swift in Sources */ = {isa = PBXBuildFile; fileRef = A1001004000000000000001 /* ContentView.swift */; };
		A1001005000000000000001 /* BluetoothManager.swift in Sources */ = {isa = PBXBuildFile; fileRef = A1001006000000000000001 /* BluetoothManager.swift */; };
		A1001007000000000000001 /* ARViewContainer.swift in Sources */ = {isa = PBXBuildFile; fileRef = A1001008000000000000001 /* ARViewContainer.swift */; };
		A1001009000000000000001 /* Assets.xcassets in Resources */ = {isa = PBXBuildFile; fileRef = A100100A000000000000001 /* Assets.xcassets */; };
		A100100B000000000000001 /* Preview Assets.xcassets in Resources */ = {isa = PBXBuildFile; fileRef = A100100C000000000000001 /* Preview Assets.xcassets */; };
		A100100D000000000000002 /* SerialTerminalView.swift in Sources */ = {isa = PBXBuildFile; fileRef = A100100E000000000000002 /* SerialTerminalView.swift */; };
		A100100F000000000000003 /* ScannerView.swift in Sources */ = {isa = PBXBuildFile; fileRef = A1001010000000000000003 /* ScannerView.swift */; };
		A1001011000000000000003 /* LocalizerView.swift in Sources */ = {isa = PBXBuildFile; fileRef = A1001012000000000000003 /* LocalizerView.swift */; };
		A1001013000000000000003 /* OfficeLocalizerApp.swift in Sources */ = {isa = PBXBuildFile; fileRef = A1001014000000000000003 /* OfficeLocalizerApp.swift */; };
		A1001015000000000000004 /* NavigationModels.swift in Sources */ = {isa = PBXBuildFile; fileRef = A1001016000000000000004 /* NavigationModels.swift */; };
		A1001017000000000000004 /* NavigationServices.swift in Sources */ = {isa = PBXBuildFile; fileRef = A1001018000000000000004 /* NavigationServices.swift */; };
		A1001019000000000000004 /* PointCloudStore.swift in Sources */ = {isa = PBXBuildFile; fileRef = A100101A000000000000004 /* PointCloudStore.swift */; };
		A100101B000000000000004 /* MiniMapView.swift in Sources */ = {isa = PBXBuildFile; fileRef = A100101C000000000000004 /* MiniMapView.swift */; };
/* End PBXBuildFile section */

/* Begin PBXFileReference section */
		A1001002000000000000001 /* BLEAppApp.swift */ = {isa = PBXFileReference; lastKnownFileType = sourcecode.swift; path = BLEAppApp.swift; sourceTree = "<group>"; };
		A1001004000000000000001 /* ContentView.swift */ = {isa = PBXFileReference; lastKnownFileType = sourcecode.swift; path = ContentView.swift; sourceTree = "<group>"; };
		A1001006000000000000001 /* BluetoothManager.swift */ = {isa = PBXFileReference; lastKnownFileType = sourcecode.swift; path = BluetoothManager.swift; sourceTree = "<group>"; };
		A1001008000000000000001 /* ARViewContainer.swift */ = {isa = PBXFileReference; lastKnownFileType = sourcecode.swift; path = ARViewContainer.swift; sourceTree = "<group>"; };
		A100100A000000000000001 /* Assets.xcassets */ = {isa = PBXFileReference; lastKnownFileType = folder.assetcatalog; path = Assets.xcassets; sourceTree = "<group>"; };
		A100100C000000000000001 /* Preview Assets.xcassets */ = {isa = PBXFileReference; lastKnownFileType = folder.assetcatalog; path = "Preview Assets.xcassets"; sourceTree = "<group>"; };
		A100100D000000000000001 /* BLEApp.app */ = {isa = PBXFileReference; explicitFileType = wrapper.application; includeInIndex = 0; path = BLEApp.app; sourceTree = BUILT_PRODUCTS_DIR; };
		A100100E000000000000001 /* Info.plist */ = {isa = PBXFileReference; lastKnownFileType = text.plist.xml; path = Info.plist; sourceTree = "<group>"; };
		A100100E000000000000002 /* SerialTerminalView.swift */ = {isa = PBXFileReference; lastKnownFileType = sourcecode.swift; path = SerialTerminalView.swift; sourceTree = "<group>"; };
		A1001010000000000000003 /* ScannerView.swift */ = {isa = PBXFileReference; lastKnownFileType = sourcecode.swift; path = ScannerView.swift; sourceTree = "<group>"; };
		A1001012000000000000003 /* LocalizerView.swift */ = {isa = PBXFileReference; lastKnownFileType = sourcecode.swift; path = LocalizerView.swift; sourceTree = "<group>"; };
		A1001014000000000000003 /* OfficeLocalizerApp.swift */ = {isa = PBXFileReference; lastKnownFileType = sourcecode.swift; path = OfficeLocalizerApp.swift; sourceTree = "<group>"; };
		A1001016000000000000004 /* NavigationModels.swift */ = {isa = PBXFileReference; lastKnownFileType = sourcecode.swift; path = NavigationModels.swift; sourceTree = "<group>"; };
		A1001018000000000000004 /* NavigationServices.swift */ = {isa = PBXFileReference; lastKnownFileType = sourcecode.swift; path = NavigationServices.swift; sourceTree = "<group>"; };
		A100101A000000000000004 /* PointCloudStore.swift */ = {isa = PBXFileReference; lastKnownFileType = sourcecode.swift; path = PointCloudStore.swift; sourceTree = "<group>"; };
		A100101C000000000000004 /* MiniMapView.swift */ = {isa = PBXFileReference; lastKnownFileType = sourcecode.swift; path = MiniMapView.swift; sourceTree = "<group>"; };
/* End PBXFileReference section */

/* Begin PBXFrameworksBuildPhase section */
		A100100F000000000000001 /* Frameworks */ = {
			isa = PBXFrameworksBuildPhase;
			buildActionMask = 2147483647;
			files = (
			);
			runOnlyForDeploymentPostprocessing = 0;
		};
/* End PBXFrameworksBuildPhase section */

/* Begin PBXGroup section */
		A1001010000000000000001 = {
			isa = PBXGroup;
			children = (
				A1001011000000000000001 /* BLEApp */,
				A1001012000000000000001 /* Products */,
			);
			sourceTree = "<group>";
		};
		A1001011000000000000001 /* BLEApp */ = {
			isa = PBXGroup;
			children = (
				A1001002000000000000001 /* BLEAppApp.swift */,
				A1001004000000000000001 /* ContentView.swift */,
				A1001006000000000000001 /* BluetoothManager.swift */,
				A1001008000000000000001 /* ARViewContainer.swift */,
				A100100E000000000000002 /* SerialTerminalView.swift */,
				A1001010000000000000003 /* ScannerView.swift */,
				A1001012000000000000003 /* LocalizerView.swift */,
				A1001014000000000000003 /* OfficeLocalizerApp.swift */,
				A1001016000000000000004 /* NavigationModels.swift */,
				A1001018000000000000004 /* NavigationServices.swift */,
				A100101A000000000000004 /* PointCloudStore.swift */,
				A100101C000000000000004 /* MiniMapView.swift */,
				A100100A000000000000001 /* Assets.xcassets */,
				A100100E000000000000001 /* Info.plist */,
				A1001013000000000000001 /* Preview Content */,
			);
			path = BLEApp;
			sourceTree = "<group>";
		};
		A1001012000000000000001 /* Products */ = {
			isa = PBXGroup;
			children = (
				A100100D000000000000001 /* BLEApp.app */,
			);
			name = Products;
			sourceTree = "<group>";
		};
		A1001013000000000000001 /* Preview Content */ = {
			isa = PBXGroup;
			children = (
				A100100C000000000000001 /* Preview Assets.xcassets */,
			);
			path = "Preview Content";
			sourceTree = "<group>";
		};
/* End PBXGroup section */

/* Begin PBXNativeTarget section */
		A1001014000000000000001 /* BLEApp */ = {
			isa = PBXNativeTarget;
			buildConfigurationList = A1001015000000000000001 /* Build configuration list for PBXNativeTarget "BLEApp" */;
			buildPhases = (
				A1001016000000000000001 /* Sources */,
				A100100F000000000000001 /* Frameworks */,
				A1001017000000000000001 /* Resources */,
			);
			buildRules = (
			);
			dependencies = (
			);
			name = BLEApp;
			productName = BLEApp;
			productReference = A100100D000000000000001 /* BLEApp.app */;
			productType = "com.apple.product-type.application";
		};
/* End PBXNativeTarget section */

/* Begin PBXProject section */
		A1001018000000000000001 /* Project object */ = {
			isa = PBXProject;
			attributes = {
				BuildIndependentTargetsInParallel = 1;
				LastSwiftUpdateCheck = 1500;
				LastUpgradeCheck = 2620;
				TargetAttributes = {
					A1001014000000000000001 = {
						CreatedOnToolsVersion = 15.0;
					};
				};
			};
			buildConfigurationList = A1001019000000000000001 /* Build configuration list for PBXProject "BLEApp" */;
			compatibilityVersion = "Xcode 14.0";
			developmentRegion = en;
			hasScannedForEncodings = 0;
			knownRegions = (
				en,
				Base,
			);
			mainGroup = A1001010000000000000001;
			productRefGroup = A1001012000000000000001 /* Products */;
			projectDirPath = "";
			projectRoot = "";
			targets = (
				A1001014000000000000001 /* BLEApp */,
			);
		};
/* End PBXProject section */

/* Begin PBXResourcesBuildPhase section */
		A1001017000000000000001 /* Resources */ = {
			isa = PBXResourcesBuildPhase;
			buildActionMask = 2147483647;
			files = (
				A100100B000000000000001 /* Preview Assets.xcassets in Resources */,
				A1001009000000000000001 /* Assets.xcassets in Resources */,
			);
			runOnlyForDeploymentPostprocessing = 0;
		};
/* End PBXResourcesBuildPhase section */

/* Begin PBXSourcesBuildPhase section */
		A1001016000000000000001 /* Sources */ = {
			isa = PBXSourcesBuildPhase;
			buildActionMask = 2147483647;
			files = (
				A1001003000000000000001 /* ContentView.swift in Sources */,
				A1001007000000000000001 /* ARViewContainer.swift in Sources */,
				A1001005000000000000001 /* BluetoothManager.swift in Sources */,
				A100100D000000000000002 /* SerialTerminalView.swift in Sources */,
				A100100F000000000000003 /* ScannerView.swift in Sources */,
				A1001011000000000000003 /* LocalizerView.swift in Sources */,
				A1001013000000000000003 /* OfficeLocalizerApp.swift in Sources */,
				A1001015000000000000004 /* NavigationModels.swift in Sources */,
				A1001017000000000000004 /* NavigationServices.swift in Sources */,
				A1001019000000000000004 /* PointCloudStore.swift in Sources */,
				A100101B000000000000004 /* MiniMapView.swift in Sources */,
				A1001001000000000000001 /* BLEAppApp.swift in Sources */,
			);
			runOnlyForDeploymentPostprocessing = 0;
		};
/* End PBXSourcesBuildPhase section */

/* Begin XCBuildConfiguration section */
		A100101A000000000000001 /* Debug */ = {
			isa = XCBuildConfiguration;
			buildSettings = {
				ALWAYS_SEARCH_USER_PATHS = NO;
				ASSETCATALOG_COMPILER_GENERATE_SWIFT_ASSET_SYMBOL_EXTENSIONS = YES;
				CLANG_ANALYZER_NONNULL = YES;
				CLANG_ANALYZER_NUMBER_OBJECT_CONVERSION = YES_AGGRESSIVE;
				CLANG_CXX_LANGUAGE_STANDARD = "gnu++20";
				CLANG_ENABLE_MODULES = YES;
				CLANG_ENABLE_OBJC_ARC = YES;
				CLANG_ENABLE_OBJC_WEAK = YES;
				CLANG_WARN_BLOCK_CAPTURE_AUTORELEASING = YES;
				CLANG_WARN_BOOL_CONVERSION = YES;
				CLANG_WARN_COMMA = YES;
				CLANG_WARN_CONSTANT_CONVERSION = YES;
				CLANG_WARN_DEPRECATED_OBJC_IMPLEMENTATIONS = YES;
				CLANG_WARN_DIRECT_OBJC_ISA_USAGE = YES_ERROR;
				CLANG_WARN_DOCUMENTATION_COMMENTS = YES;
				CLANG_WARN_EMPTY_BODY = YES;
				CLANG_WARN_ENUM_CONVERSION = YES;
				CLANG_WARN_INFINITE_RECURSION = YES;
				CLANG_WARN_INT_CONVERSION = YES;
				CLANG_WARN_NON_LITERAL_NULL_CONVERSION = YES;
				CLANG_WARN_OBJC_IMPLICIT_RETAIN_SELF = YES;
				CLANG_WARN_OBJC_LITERAL_CONVERSION = YES;
				CLANG_WARN_OBJC_ROOT_CLASS = YES_ERROR;
				CLANG_WARN_QUOTED_INCLUDE_IN_FRAMEWORK_HEADER = YES;
				CLANG_WARN_RANGE_LOOP_ANALYSIS = YES;
				CLANG_WARN_STRICT_PROTOTYPES = YES;
				CLANG_WARN_SUSPICIOUS_MOVE = YES;
				CLANG_WARN_UNGUARDED_AVAILABILITY = YES_AGGRESSIVE;
				CLANG_WARN_UNREACHABLE_CODE = YES;
				CLANG_WARN__DUPLICATE_METHOD_MATCH = YES;
				COPY_PHASE_STRIP = NO;
				DEBUG_INFORMATION_FORMAT = dwarf;
				DEVELOPMENT_TEAM = FUPLL38F6U;
				ENABLE_STRICT_OBJC_MSGSEND = YES;
				ENABLE_TESTABILITY = YES;
				ENABLE_USER_SCRIPT_SANDBOXING = YES;
				GCC_C_LANGUAGE_STANDARD = gnu17;
				GCC_DYNAMIC_NO_PIC = NO;
				GCC_NO_COMMON_BLOCKS = YES;
				GCC_OPTIMIZATION_LEVEL = 0;
				GCC_PREPROCESSOR_DEFINITIONS = (
					"DEBUG=1",
					"$(inherited)",
				);
				GCC_WARN_64_TO_32_BIT_CONVERSION = YES;
				GCC_WARN_ABOUT_RETURN_TYPE = YES_ERROR;
				GCC_WARN_UNDECLARED_SELECTOR = YES;
				GCC_WARN_UNINITIALIZED_AUTOS = YES_AGGRESSIVE;
				GCC_WARN_UNUSED_FUNCTION = YES;
				GCC_WARN_UNUSED_VARIABLE = YES;
				IPHONEOS_DEPLOYMENT_TARGET = 26.0;
				LOCALIZATION_PREFERS_STRING_CATALOGS = YES;
				MTL_ENABLE_DEBUG_INFO = INCLUDE_SOURCE;
				MTL_FAST_MATH = YES;
				ONLY_ACTIVE_ARCH = YES;
				SDKROOT = iphoneos;
				STRING_CATALOG_GENERATE_SYMBOLS = YES;
				SWIFT_ACTIVE_COMPILATION_CONDITIONS = "DEBUG $(inherited)";
				SWIFT_OPTIMIZATION_LEVEL = "-Onone";
			};
			name = Debug;
		};
		A100101B000000000000001 /* Release */ = {
			isa = XCBuildConfiguration;
			buildSettings = {
				ALWAYS_SEARCH_USER_PATHS = NO;
				ASSETCATALOG_COMPILER_GENERATE_SWIFT_ASSET_SYMBOL_EXTENSIONS = YES;
				CLANG_ANALYZER_NONNULL = YES;
				CLANG_ANALYZER_NUMBER_OBJECT_CONVERSION = YES_AGGRESSIVE;
				CLANG_CXX_LANGUAGE_STANDARD = "gnu++20";
				CLANG_ENABLE_MODULES = YES;
				CLANG_ENABLE_OBJC_ARC = YES;
				CLANG_ENABLE_OBJC_WEAK = YES;
				CLANG_WARN_BLOCK_CAPTURE_AUTORELEASING = YES;
				CLANG_WARN_BOOL_CONVERSION = YES;
				CLANG_WARN_COMMA = YES;
				CLANG_WARN_CONSTANT_CONVERSION = YES;
				CLANG_WARN_DEPRECATED_OBJC_IMPLEMENTATIONS = YES;
				CLANG_WARN_DIRECT_OBJC_ISA_USAGE = YES_ERROR;
				CLANG_WARN_DOCUMENTATION_COMMENTS = YES;
				CLANG_WARN_EMPTY_BODY = YES;
				CLANG_WARN_ENUM_CONVERSION = YES;
				CLANG_WARN_INFINITE_RECURSION = YES;
				CLANG_WARN_INT_CONVERSION = YES;
				CLANG_WARN_NON_LITERAL_NULL_CONVERSION = YES;
				CLANG_WARN_OBJC_IMPLICIT_RETAIN_SELF = YES;
				CLANG_WARN_OBJC_LITERAL_CONVERSION = YES;
				CLANG_WARN_OBJC_ROOT_CLASS = YES_ERROR;
				CLANG_WARN_QUOTED_INCLUDE_IN_FRAMEWORK_HEADER = YES;
				CLANG_WARN_RANGE_LOOP_ANALYSIS = YES;
				CLANG_WARN_STRICT_PROTOTYPES = YES;
				CLANG_WARN_SUSPICIOUS_MOVE = YES;
				CLANG_WARN_UNGUARDED_AVAILABILITY = YES_AGGRESSIVE;
				CLANG_WARN_UNREACHABLE_CODE = YES;
				CLANG_WARN__DUPLICATE_METHOD_MATCH = YES;
				COPY_PHASE_STRIP = NO;
				DEBUG_INFORMATION_FORMAT = "dwarf-with-dsym";
				DEVELOPMENT_TEAM = FUPLL38F6U;
				ENABLE_NS_ASSERTIONS = NO;
				ENABLE_STRICT_OBJC_MSGSEND = YES;
				ENABLE_USER_SCRIPT_SANDBOXING = YES;
				GCC_C_LANGUAGE_STANDARD = gnu17;
				GCC_NO_COMMON_BLOCKS = YES;
				GCC_WARN_64_TO_32_BIT_CONVERSION = YES;
				GCC_WARN_ABOUT_RETURN_TYPE = YES_ERROR;
				GCC_WARN_UNDECLARED_SELECTOR = YES;
				GCC_WARN_UNINITIALIZED_AUTOS = YES_AGGRESSIVE;
				GCC_WARN_UNUSED_FUNCTION = YES;
				GCC_WARN_UNUSED_VARIABLE = YES;
				IPHONEOS_DEPLOYMENT_TARGET = 26.0;
				LOCALIZATION_PREFERS_STRING_CATALOGS = YES;
				MTL_ENABLE_DEBUG_INFO = NO;
				MTL_FAST_MATH = YES;
				SDKROOT = iphoneos;
				STRING_CATALOG_GENERATE_SYMBOLS = YES;
				SWIFT_COMPILATION_MODE = wholemodule;
				VALIDATE_PRODUCT = YES;
			};
			name = Release;
		};
		A100101C000000000000001 /* Debug */ = {
			isa = XCBuildConfiguration;
			buildSettings = {
				ASSETCATALOG_COMPILER_APPICON_NAME = AppIcon;
				ASSETCATALOG_COMPILER_GLOBAL_ACCENT_COLOR_NAME = AccentColor;
				CODE_SIGN_STYLE = Automatic;
				CURRENT_PROJECT_VERSION = 1;
				DEVELOPMENT_ASSET_PATHS = "\"BLEApp/Preview Content\"";
				ENABLE_PREVIEWS = YES;
				GENERATE_INFOPLIST_FILE = NO;
				INFOPLIST_FILE = BLEApp/Info.plist;
				INFOPLIST_KEY_UIApplicationSceneManifest_Generation = YES;
				INFOPLIST_KEY_UIApplicationSupportsIndirectInputEvents = YES;
				INFOPLIST_KEY_UILaunchScreen_Generation = YES;
				INFOPLIST_KEY_UISupportedInterfaceOrientations_iPad = "UIInterfaceOrientationPortrait UIInterfaceOrientationPortraitUpsideDown UIInterfaceOrientationLandscapeLeft UIInterfaceOrientationLandscapeRight";
				INFOPLIST_KEY_UISupportedInterfaceOrientations_iPhone = "UIInterfaceOrientationPortrait UIInterfaceOrientationLandscapeLeft UIInterfaceOrientationLandscapeRight";
				LD_RUNPATH_SEARCH_PATHS = (
					"$(inherited)",
					"@executable_path/Frameworks",
				);
				MARKETING_VERSION = 1.0;
				PRODUCT_BUNDLE_IDENTIFIER = "com.Natalie-Chan.BLEApp";
				PRODUCT_NAME = "$(TARGET_NAME)";
				SWIFT_EMIT_LOC_STRINGS = YES;
				SWIFT_VERSION = 5.0;
				TARGETED_DEVICE_FAMILY = "1,2";
			};
			name = Debug;
		};
		A100101D000000000000001 /* Release */ = {
			isa = XCBuildConfiguration;
			buildSettings = {
				ASSETCATALOG_COMPILER_APPICON_NAME = AppIcon;
				ASSETCATALOG_COMPILER_GLOBAL_ACCENT_COLOR_NAME = AccentColor;
				CODE_SIGN_STYLE = Automatic;
				CURRENT_PROJECT_VERSION = 1;
				DEVELOPMENT_ASSET_PATHS = "\"BLEApp/Preview Content\"";
				ENABLE_PREVIEWS = YES;
				GENERATE_INFOPLIST_FILE = NO;
				INFOPLIST_FILE = BLEApp/Info.plist;
				INFOPLIST_KEY_UIApplicationSceneManifest_Generation = YES;
				INFOPLIST_KEY_UIApplicationSupportsIndirectInputEvents = YES;
				INFOPLIST_KEY_UILaunchScreen_Generation = YES;
				INFOPLIST_KEY_UISupportedInterfaceOrientations_iPad = "UIInterfaceOrientationPortrait UIInterfaceOrientationPortraitUpsideDown UIInterfaceOrientationLandscapeLeft UIInterfaceOrientationLandscapeRight";
				INFOPLIST_KEY_UISupportedInterfaceOrientations_iPhone = "UIInterfaceOrientationPortrait UIInterfaceOrientationLandscapeLeft UIInterfaceOrientationLandscapeRight";
				LD_RUNPATH_SEARCH_PATHS = (
					"$(inherited)",
					"@executable_path/Frameworks",
				);
				MARKETING_VERSION = 1.0;
				PRODUCT_BUNDLE_IDENTIFIER = "com.Natalie-Chan.BLEApp";
				PRODUCT_NAME = "$(TARGET_NAME)";
				SWIFT_EMIT_LOC_STRINGS = YES;
				SWIFT_VERSION = 5.0;
				TARGETED_DEVICE_FAMILY = "1,2";
			};
			name = Release;
		};
/* End XCBuildConfiguration section */

/* Begin XCConfigurationList section */
		A1001015000000000000001 /* Build configuration list for PBXNativeTarget "BLEApp" */ = {
			isa = XCConfigurationList;
			buildConfigurations = (
				A100101C000000000000001 /* Debug */,
				A100101D000000000000001 /* Release */,
			);
			defaultConfigurationIsVisible = 0;
			defaultConfigurationName = Release;
		};
		A1001019000000000000001 /* Build configuration list for PBXProject "BLEApp" */ = {
			isa = XCConfigurationList;
			buildConfigurations = (
				A100101A000000000000001 /* Debug */,
				A100101B000000000000001 /* Release */,
			);
			defaultConfigurationIsVisible = 0;
			defaultConfigurationName = Release;
		};
/* End XCConfigurationList section */
	};
	rootObject = A1001018000000000000001 /* Project object */;
}
